<?xml version="1.0" encoding="utf-8"?>
<Project xmlns="http://schemas.microsoft.com/developer/msbuild/2003">
  <ItemGroup>
    <Filter Include="Generated Files">
      <UniqueIdentifier>{71ED8ED8-ACB9-4CE9-BBE1-E00B30144E11}</UniqueIdentifier>
      <Extensions>cpp;c;cxx;moc;h;def;odl;idl;res;</Extensions>
    </Filter>
    <Filter Include="Generated Files">
      <UniqueIdentifier>{71ED8ED8-ACB9-4CE9-BBE1-E00B30144E11}</UniqueIdentifier>
      <Extensions>cpp;c;cxx;moc;h;def;odl;idl;res;</Extensions>
    </Filter>
    <Filter Include="Header Files">
      <UniqueIdentifier>{93995380-89BD-4b04-88EB-625FBE52EBFB}</UniqueIdentifier>
      <Extensions>h;hpp;hxx;hm;inl;inc;xsd</Extensions>
    </Filter>
    <Filter Include="Header Files">
      <UniqueIdentifier>{93995380-89BD-4b04-88EB-625FBE52EBFB}</UniqueIdentifier>
      <Extensions>h;hpp;hxx;hm;inl;inc;xsd</Extensions>
    </Filter>
    <Filter Include="Resource Files">
      <UniqueIdentifier>{D9D6E242-F8AF-46E4-B9FD-80ECBC20BA3E}</UniqueIdentifier>
      <Extensions>qrc;*</Extensions>
      <ParseFiles>false</ParseFiles>
    </Filter>
    <Filter Include="Resource Files">
      <UniqueIdentifier>{D9D6E242-F8AF-46E4-B9FD-80ECBC20BA3E}</UniqueIdentifier>
      <Extensions>qrc;*</Extensions>
      <ParseFiles>false</ParseFiles>
    </Filter>
    <Filter Include="Source Files">
      <UniqueIdentifier>{4FC737F1-C7A5-4376-A066-2A32D752A2FF}</UniqueIdentifier>
      <Extensions>cpp;c;cxx;def;odl;idl;hpj;bat;asm;asmx</Extensions>
    </Filter>
    <Filter Include="Source Files">
      <UniqueIdentifier>{4FC737F1-C7A5-4376-A066-2A32D752A2FF}</UniqueIdentifier>
      <Extensions>cpp;c;cxx;def;odl;idl;hpj;bat;asm;asmx</Extensions>
    </Filter>
    <Filter Include="Deployment Files">
      <UniqueIdentifier>{D9D6E243-F8AF-46E4-B9FD-80ECBC20BA3E}</UniqueIdentifier>
      <Extensions>deploy</Extensions>
      <ParseFiles>false</ParseFiles>
    </Filter>
    <Filter Include="Deployment Files">
      <UniqueIdentifier>{D9D6E243-F8AF-46E4-B9FD-80ECBC20BA3E}</UniqueIdentifier>
      <Extensions>deploy</Extensions>
      <ParseFiles>false</ParseFiles>
    </Filter>
    <Filter Include="Distribution Files">
      <UniqueIdentifier>{B83CAF91-C7BF-462F-B76C-EA11631F866C}</UniqueIdentifier>
      <Extensions>*</Extensions>
      <ParseFiles>false</ParseFiles>
    </Filter>
    <Filter Include="Distribution Files">
      <UniqueIdentifier>{B83CAF91-C7BF-462F-B76C-EA11631F866C}</UniqueIdentifier>
      <Extensions>*</Extensions>
      <ParseFiles>false</ParseFiles>
    </Filter>
  </ItemGroup>
  <ItemGroup>
    <ClCompile Include="..\HumanHashPassword-2\PassGenWrapper.cpp">
      <Filter>Source Files</Filter>
    </ClCompile>
    <ClCompile Include="..\HumanHashPassword-2\PassGenerator.cpp">
      <Filter>Source Files</Filter>
    </ClCompile>
    <ClCompile Include="..\HumanHashPassword-2\main.cpp">
      <Filter>Source Files</Filter>
    </ClCompile>
    <ClCompile Include="..\HumanHashPassword-2\tools.cpp">
      <Filter>Source Files</Filter>
    </ClCompile>
  </ItemGroup>
  <ItemGroup>
    <CustomBuild Include="..\HumanHashPassword-2\PassGenWrapper.h">
      <Filter>Header Files</Filter>
    </CustomBuild>
    <ClInclude Include="..\HumanHashPassword-2\PassGenerator.h">
      <Filter>Header Files</Filter>
    </ClInclude>
    <CustomBuild Include="..\HumanHashPassword-2\tools.h">
      <Filter>Header Files</Filter>
    </CustomBuild>
  </ItemGroup>
  <ItemGroup>
    <ClCompile Include="debug\moc_PassGenWrapper.cpp">
      <Filter>Generated Files</Filter>
    </ClCompile>
    <ClCompile Include="release\moc_PassGenWrapper.cpp">
      <Filter>Generated Files</Filter>
    </ClCompile>
    <CustomBuild Include="debug\moc_predefs.h.cbt">
      <Filter>Generated Files</Filter>
    </CustomBuild>
    <CustomBuild Include="release\moc_predefs.h.cbt">
      <Filter>Generated Files</Filter>
    </CustomBuild>
    <ClCompile Include="debug\moc_tools.cpp">
      <Filter>Generated Files</Filter>
    </ClCompile>
    <ClCompile Include="release\moc_tools.cpp">
      <Filter>Generated Files</Filter>
    </ClCompile>
    <ClCompile Include="debug\qrc_qml.cpp">
      <Filter>Generated Files</Filter>
    </ClCompile>
    <ClCompile Include="release\qrc_qml.cpp">
      <Filter>Generated Files</Filter>
    </ClCompile>
  </ItemGroup>
  <ItemGroup>
    <None Include="..\HumanHashPassword-2\ProgressTimer.qml">
      <Filter>Resource Files</Filter>
    </None>
    <None Include="..\HumanHashPassword-2\TextLineEdit.qml">
      <Filter>Resource Files</Filter>
    </None>
    <None Include="..\HumanHashPassword-2\main.qml">
      <Filter>Resource Files</Filter>
    </None>
    <CustomBuild Include="..\HumanHashPassword-2\qml.qrc">
      <Filter>Resource Files</Filter>
    </CustomBuild>
  </ItemGroup>
  <ItemGroup>
    <None Include="C:\Qt\5.11.2\winrt_x86_msvc2017\bin\Qt5Core.dll">
      <Filter>Deployment Files</Filter>
    </None>
    <None Include="C:\Qt\5.11.2\winrt_x86_msvc2017\bin\Qt5Cored.dll">
      <Filter>Deployment Files</Filter>
    </None>
    <None Include="C:\Qt\5.11.2\winrt_x86_msvc2017\bin\Qt5Gui.dll">
      <Filter>Deployment Files</Filter>
    </None>
    <None Include="C:\Qt\5.11.2\winrt_x86_msvc2017\bin\Qt5Guid.dll">
      <Filter>Deployment Files</Filter>
    </None>
    <None Include="C:\Qt\5.11.2\winrt_x86_msvc2017\bin\Qt5Network.dll">
      <Filter>Deployment Files</Filter>
    </None>
    <None Include="C:\Qt\5.11.2\winrt_x86_msvc2017\bin\Qt5Networkd.dll">
      <Filter>Deployment Files</Filter>
    </None>
    <None Include="C:\Qt\5.11.2\winrt_x86_msvc2017\bin\Qt5Qml.dll">
      <Filter>Deployment Files</Filter>
    </None>
    <None Include="C:\Qt\5.11.2\winrt_x86_msvc2017\bin\Qt5Qmld.dll">
      <Filter>Deployment Files</Filter>
    </None>
    <None Include="C:\Qt\5.11.2\winrt_x86_msvc2017\bin\Qt5Quick.dll">
      <Filter>Deployment Files</Filter>
    </None>
    <None Include="C:\Qt\5.11.2\winrt_x86_msvc2017\bin\Qt5QuickControls2.dll">
      <Filter>Deployment Files</Filter>
    </None>
    <None Include="C:\Qt\5.11.2\winrt_x86_msvc2017\bin\Qt5QuickControls2d.dll">
      <Filter>Deployment Files</Filter>
    </None>
    <None Include="C:\Qt\5.11.2\winrt_x86_msvc2017\bin\Qt5Quickd.dll">
      <Filter>Deployment Files</Filter>
    </None>
    <None Include="C:\Qt\5.11.2\winrt_x86_msvc2017\bin\libEGL.dll">
      <Filter>Deployment Files</Filter>
    </None>
    <None Include="C:\Qt\5.11.2\winrt_x86_msvc2017\bin\libEGLd.dll">
      <Filter>Deployment Files</Filter>
    </None>
    <None Include="C:\Qt\5.11.2\winrt_x86_msvc2017\bin\libGLESv2.dll">
      <Filter>Deployment Files</Filter>
    </None>
    <None Include="C:\Qt\5.11.2\winrt_x86_msvc2017\bin\libGLESv2d.dll">
      <Filter>Deployment Files</Filter>
    </None>
  </ItemGroup>
  <ItemGroup>
    <None Include="android\AndroidManifest.xml">
      <Filter>Distribution Files</Filter>
    </None>
    <None Include="android\build.gradle">
      <Filter>Distribution Files</Filter>
    </None>
    <None Include="android\gradle\wrapper\gradle-wrapper.jar">
      <Filter>Distribution Files</Filter>
    </None>
    <None Include="android\gradle\wrapper\gradle-wrapper.properties">
      <Filter>Distribution Files</Filter>
    </None>
    <None Include="android\gradlew.bat">
      <Filter>Distribution Files</Filter>
    </None>
    <None Include="android\gradlew">
      <Filter>Distribution Files</Filter>
    </None>
    <None Include="android\res\values\libs.xml">
      <Filter>Distribution Files</Filter>
    </None>
  </ItemGroup>
</Project>